
Microsoft Visual Studio Solution File, Format Version 12.00
# Visual Studio Version 17
VisualStudioVersion = 17.2.32630.192
MinimumVisualStudioVersion = 10.0.40219.1
Project("{9A19103F-16F7-4668-BE54-9A1E7A4F7556}") = "FSModelUtility", "FSModelUtility.csproj", "{D3A4B0B0-DF48-4999-BBE2-EF9D95FF8D80}"
EndProject
Global
	GlobalSection(SolutionConfigurationPlatforms) = preSolution
		Debug|Any CPU = Debug|Any CPU
		Release|Any CPU = Release|Any CPU
	EndGlobalSection
	GlobalSection(ProjectConfigurationPlatforms) = postSolution
		{D3A4B0B0-DF48-4999-BBE2-EF9D95FF8D80}.Debug|Any CPU.ActiveCfg = Debug|Any CPU
		{D3A4B0B0-DF48-4999-BBE2-EF9D95FF8D80}.Debug|Any CPU.Build.0 = Debug|Any CPU
		{D3A4B0B0-DF48-4999-BBE2-EF9D95FF8D80}.Release|Any CPU.ActiveCfg = Release|Any CPU
		{D3A4B0B0-DF48-4999-BBE2-EF9D95FF8D80}.Release|Any CPU.Build.0 = Release|Any CPU
	EndGlobalSection
	GlobalSection(SolutionProperties) = preSolution
		HideSolutionNode = FALSE
	EndGlobalSection
	GlobalSection(ExtensibilityGlobals) = postSolution
		SolutionGuid = {53F80B9F-D406-4D0F-93F2-2F9DCC9D5056}
	EndGlobalSection
EndGlobal
